
Microsoft Visual Studio Solution File, Format Version 12.00
Project("{FAE04EC0-301F-11D3-BF4B-00C04F79EFBC}") = "manual-migrations", "manual-migrations\manual-migrations.csproj", "{BBEC024E-4500-4C80-9C31-272691D9422C}"
EndProject
Project("{FAE04EC0-301F-11D3-BF4B-00C04F79EFBC}") = "ef-migrations", "ef-migrations\ef-migrations.csproj", "{0F62A21E-C8BD-412C-8A7C-0D33B317E3E5}"
EndProject
Global
	GlobalSection(SolutionConfigurationPlatforms) = preSolution
		Debug|Any CPU = Debug|Any CPU
		Release|Any CPU = Release|Any CPU
	EndGlobalSection
	GlobalSection(ProjectConfigurationPlatforms) = postSolution
		{BBEC024E-4500-4C80-9C31-272691D9422C}.Debug|Any CPU.ActiveCfg = Debug|Any CPU
		{BBEC024E-4500-4C80-9C31-272691D9422C}.Debug|Any CPU.Build.0 = Debug|Any CPU
		{BBEC024E-4500-4C80-9C31-272691D9422C}.Release|Any CPU.ActiveCfg = Release|Any CPU
		{BBEC024E-4500-4C80-9C31-272691D9422C}.Release|Any CPU.Build.0 = Release|Any CPU
		{0F62A21E-C8BD-412C-8A7C-0D33B317E3E5}.Debug|Any CPU.ActiveCfg = Debug|Any CPU
		{0F62A21E-C8BD-412C-8A7C-0D33B317E3E5}.Debug|Any CPU.Build.0 = Debug|Any CPU
		{0F62A21E-C8BD-412C-8A7C-0D33B317E3E5}.Release|Any CPU.ActiveCfg = Release|Any CPU
		{0F62A21E-C8BD-412C-8A7C-0D33B317E3E5}.Release|Any CPU.Build.0 = Release|Any CPU
	EndGlobalSection
EndGlobal
